
Microsoft Visual Studio Solution File, Format Version 11.00
# Visual Studio 2010
# SharpDevelop 4.3
Project("{FAE04EC0-301F-11D3-BF4B-00C04F79EFBC}") = "SMPPClient", "SMPPClient.csproj", "{A246960D-5EB0-4E96-A601-D578C95743FD}"
EndProject
Global
	GlobalSection(SolutionConfigurationPlatforms) = preSolution
		Debug|Any CPU = Debug|Any CPU
		Release|Any CPU = Release|Any CPU
	EndGlobalSection
	GlobalSection(ProjectConfigurationPlatforms) = postSolution
		{A246960D-5EB0-4E96-A601-D578C95743FD}.Debug|Any CPU.Build.0 = Debug|Any CPU
		{A246960D-5EB0-4E96-A601-D578C95743FD}.Debug|Any CPU.ActiveCfg = Debug|Any CPU
		{A246960D-5EB0-4E96-A601-D578C95743FD}.Release|Any CPU.Build.0 = Release|Any CPU
		{A246960D-5EB0-4E96-A601-D578C95743FD}.Release|Any CPU.ActiveCfg = Release|Any CPU
	EndGlobalSection
EndGlobal
